
Microsoft Visual Studio Solution File, Format Version 12.00
Project("{FAE04EC0-301F-11D3-BF4B-00C04F79EFBC}") = "Backend.WebAPI", "Backend.WebAPI\Backend.WebAPI.csproj", "{01B0D82F-8D9A-415F-9616-A3AD8BE486C5}"
EndProject
Project("{FAE04EC0-301F-11D3-BF4B-00C04F79EFBC}") = "Backend.Infrastructure", "Backend.Infrastructure\Backend.Infrastructure.csproj", "{2452B11D-D098-4CB4-B28F-35AC6AF51B0C}"
EndProject
Project("{FAE04EC0-301F-11D3-BF4B-00C04F79EFBC}") = "Backend.Application", "Backend.Application\Backend.Application.csproj", "{44E75AB9-A770-4DE1-A55D-472F37F01798}"
EndProject
Project("{FAE04EC0-301F-11D3-BF4B-00C04F79EFBC}") = "Backend.Core", "Backend.Core\Backend.Core.csproj", "{BE5974A2-8E0C-4216-A55B-8D94469043CC}"
EndProject
Global
	GlobalSection(SolutionConfigurationPlatforms) = preSolution
		Debug|Any CPU = Debug|Any CPU
		Release|Any CPU = Release|Any CPU
	EndGlobalSection
	GlobalSection(ProjectConfigurationPlatforms) = postSolution
		{01B0D82F-8D9A-415F-9616-A3AD8BE486C5}.Debug|Any CPU.ActiveCfg = Debug|Any CPU
		{01B0D82F-8D9A-415F-9616-A3AD8BE486C5}.Debug|Any CPU.Build.0 = Debug|Any CPU
		{01B0D82F-8D9A-415F-9616-A3AD8BE486C5}.Release|Any CPU.ActiveCfg = Release|Any CPU
		{01B0D82F-8D9A-415F-9616-A3AD8BE486C5}.Release|Any CPU.Build.0 = Release|Any CPU
		{2452B11D-D098-4CB4-B28F-35AC6AF51B0C}.Debug|Any CPU.ActiveCfg = Debug|Any CPU
		{2452B11D-D098-4CB4-B28F-35AC6AF51B0C}.Debug|Any CPU.Build.0 = Debug|Any CPU
		{2452B11D-D098-4CB4-B28F-35AC6AF51B0C}.Release|Any CPU.ActiveCfg = Release|Any CPU
		{2452B11D-D098-4CB4-B28F-35AC6AF51B0C}.Release|Any CPU.Build.0 = Release|Any CPU
		{44E75AB9-A770-4DE1-A55D-472F37F01798}.Debug|Any CPU.ActiveCfg = Debug|Any CPU
		{44E75AB9-A770-4DE1-A55D-472F37F01798}.Debug|Any CPU.Build.0 = Debug|Any CPU
		{44E75AB9-A770-4DE1-A55D-472F37F01798}.Release|Any CPU.ActiveCfg = Release|Any CPU
		{44E75AB9-A770-4DE1-A55D-472F37F01798}.Release|Any CPU.Build.0 = Release|Any CPU
		{BE5974A2-8E0C-4216-A55B-8D94469043CC}.Debug|Any CPU.ActiveCfg = Debug|Any CPU
		{BE5974A2-8E0C-4216-A55B-8D94469043CC}.Debug|Any CPU.Build.0 = Debug|Any CPU
		{BE5974A2-8E0C-4216-A55B-8D94469043CC}.Release|Any CPU.ActiveCfg = Release|Any CPU
		{BE5974A2-8E0C-4216-A55B-8D94469043CC}.Release|Any CPU.Build.0 = Release|Any CPU
	EndGlobalSection
EndGlobal
